
Microsoft Visual Studio Solution File, Format Version 12.00
# Visual Studio 15
VisualStudioVersion = 15.0.28307.1267
MinimumVisualStudioVersion = 10.0.40219.1
Project("{FAE04EC0-301F-11D3-BF4B-00C04F79EFBC}") = "NaufalHaryanda_002_WcfServiceCalculator", "NaufalHaryanda_002_WcfServiceCalculator\NaufalHaryanda_002_WcfServiceCalculator.csproj", "{BAD3EBD3-1774-4FA5-BAAF-2A1382981781}"
EndProject
Global
	GlobalSection(SolutionConfigurationPlatforms) = preSolution
		Debug|Any CPU = Debug|Any CPU
		Release|Any CPU = Release|Any CPU
	EndGlobalSection
	GlobalSection(ProjectConfigurationPlatforms) = postSolution
		{BAD3EBD3-1774-4FA5-BAAF-2A1382981781}.Debug|Any CPU.ActiveCfg = Debug|Any CPU
		{BAD3EBD3-1774-4FA5-BAAF-2A1382981781}.Debug|Any CPU.Build.0 = Debug|Any CPU
		{BAD3EBD3-1774-4FA5-BAAF-2A1382981781}.Release|Any CPU.ActiveCfg = Release|Any CPU
		{BAD3EBD3-1774-4FA5-BAAF-2A1382981781}.Release|Any CPU.Build.0 = Release|Any CPU
	EndGlobalSection
	GlobalSection(SolutionProperties) = preSolution
		HideSolutionNode = FALSE
	EndGlobalSection
	GlobalSection(ExtensibilityGlobals) = postSolution
		SolutionGuid = {0E35B6A5-9A2B-49AF-BEC9-B1FA3C5D0D9C}
	EndGlobalSection
EndGlobal
